PODS:
  - AFNetworking (3.2.1):
    - AFNetworking/NSURLSession (= 3.2.1)
    - AFNetworking/Reachability (= 3.2.1)
    - AFNetworking/Security (= 3.2.1)
    - AFNetworking/Serialization (= 3.2.1)
    - AFNetworking/UIKit (= 3.2.1)
  - AFNetworking/NSURLSession (3.2.1):
    - AFNetworking/Reachability
    - AFNetworking/Security
    - AFNetworking/Serialization
  - AFNetworking/Reachability (3.2.1)
  - AFNetworking/Security (3.2.1)
  - AFNetworking/Serialization (3.2.1)
  - AFNetworking/UIKit (3.2.1):
    - AFNetworking/NSURLSession
  - RACNetWorkTool (0.2.1):
    - AFNetworking
    - ReactiveCocoa (~> 2.5.0)
    - YYModel (~> 1.0.4)
  - ReactiveCocoa (2.5):
    - ReactiveCocoa/UI (= 2.5)
  - ReactiveCocoa/Core (2.5):
    - ReactiveCocoa/no-arc
  - ReactiveCocoa/no-arc (2.5)
  - ReactiveCocoa/UI (2.5):
    - ReactiveCocoa/Core
  - YYModel (1.0.4)

DEPENDENCIES:
  - AFNetworking
  - RACNetWorkTool (from `../`)
  - ReactiveCocoa (= 2.5.0)
  - YYModel

SPEC REPOS:
  trunk:
    - AFNetworking
    - ReactiveCocoa
    - YYModel

EXTERNAL SOURCES:
  RACNetWorkTool:
    :path: "../"

SPEC CHECKSUMS:
  AFNetworking: b6f891fdfaed196b46c7a83cf209e09697b94057
  RACNetWorkTool: f47598389cde9e72a3af864fe2ebe0edbbeb074e
  ReactiveCocoa: e2db045570aa97c695e7aa97c2bcab222ae51f4a
  YYModel: 2a7fdd96aaa4b86a824e26d0c517de8928c04b30

PODFILE CHECKSUM: fe4b70ef7226bf542f7995fb7b2460f6ee37a980

COCOAPODS: 1.9.3
